
Microsoft Visual Studio Solution File, Format Version 12.00
# Visual Studio Version 17
VisualStudioVersion = 17.6.33717.318
MinimumVisualStudioVersion = 10.0.40219.1
Project("{9A19103F-16F7-4668-BE54-9A1E7A4F7556}") = "Array 1", "Array 1\Array 1.csproj", "{ACFFB583-00A2-4B44-B561-F972DADF848B}"
EndProject
Project("{9A19103F-16F7-4668-BE54-9A1E7A4F7556}") = "Array 2", "Array 2\Array 2.csproj", "{ECD8C74D-37C1-419E-9E92-9C8A96B7C44D}"
EndProject
Project("{9A19103F-16F7-4668-BE54-9A1E7A4F7556}") = "Array 3", "Array 3\Array 3.csproj", "{B81F2BD1-7DD5-4A5A-B73E-FFF56B865F32}"
EndProject
Project("{9A19103F-16F7-4668-BE54-9A1E7A4F7556}") = "Classe Array", "Classe Array\Classe Array.csproj", "{F3CD2719-4AB7-4460-8A7A-47FABC5DAB2D}"
EndProject
Project("{9A19103F-16F7-4668-BE54-9A1E7A4F7556}") = "Pratica Arrays", "Pratica Arrays\Pratica Arrays.csproj", "{2A30FE24-F13A-48CD-B34A-E085C9FA13FE}"
EndProject
Project("{9A19103F-16F7-4668-BE54-9A1E7A4F7556}") = "ModificadorParams", "ModificadorParams\ModificadorParams.csproj", "{80550833-EEDA-4AA5-A005-70250DA38064}"
EndProject
Project("{9A19103F-16F7-4668-BE54-9A1E7A4F7556}") = "Arrays Multidimensionais 1", "Arrays Multidimensionais 1\Arrays Multidimensionais 1.csproj", "{FA3C2C4F-1B60-41B6-AE81-448A82280521}"
EndProject
Project("{9A19103F-16F7-4668-BE54-9A1E7A4F7556}") = "Arrays Multidimensionais 2", "Arrays Multidimensionais 2\Arrays Multidimensionais 2.csproj", "{D1DBC5D3-C932-4C61-AA61-CBF8C5DC3BDC}"
EndProject
Project("{9A19103F-16F7-4668-BE54-9A1E7A4F7556}") = "Exercicio - Arrays Bidimensionais", "Exercicio - Arrays Bidimensionais\Exercicio - Arrays Bidimensionais.csproj", "{664EFFB0-EDFB-470F-ADFC-2507708821C1}"
EndProject
Project("{9A19103F-16F7-4668-BE54-9A1E7A4F7556}") = "ArrayList", "ArrayList\ArrayList.csproj", "{D4BC1863-0E89-4957-9207-9BE398C4B253}"
EndProject
Project("{9A19103F-16F7-4668-BE54-9A1E7A4F7556}") = "ArrayList 2", "ArrayList 2\ArrayList 2.csproj", "{12177F88-9FBB-46FB-A17C-5E230B39F7F1}"
EndProject
Project("{FAE04EC0-301F-11D3-BF4B-00C04F79EFBC}") = "ArrayList 3", "ArrayList 3\ArrayList 3.csproj", "{A1EE8301-B11F-49B7-9951-5BEC053EA0F4}"
EndProject
Global
	GlobalSection(SolutionConfigurationPlatforms) = preSolution
		Debug|Any CPU = Debug|Any CPU
		Release|Any CPU = Release|Any CPU
	EndGlobalSection
	GlobalSection(ProjectConfigurationPlatforms) = postSolution
		{ACFFB583-00A2-4B44-B561-F972DADF848B}.Debug|Any CPU.ActiveCfg = Debug|Any CPU
		{ACFFB583-00A2-4B44-B561-F972DADF848B}.Debug|Any CPU.Build.0 = Debug|Any CPU
		{ACFFB583-00A2-4B44-B561-F972DADF848B}.Release|Any CPU.ActiveCfg = Release|Any CPU
		{ACFFB583-00A2-4B44-B561-F972DADF848B}.Release|Any CPU.Build.0 = Release|Any CPU
		{ECD8C74D-37C1-419E-9E92-9C8A96B7C44D}.Debug|Any CPU.ActiveCfg = Debug|Any CPU
		{ECD8C74D-37C1-419E-9E92-9C8A96B7C44D}.Debug|Any CPU.Build.0 = Debug|Any CPU
		{ECD8C74D-37C1-419E-9E92-9C8A96B7C44D}.Release|Any CPU.ActiveCfg = Release|Any CPU
		{ECD8C74D-37C1-419E-9E92-9C8A96B7C44D}.Release|Any CPU.Build.0 = Release|Any CPU
		{B81F2BD1-7DD5-4A5A-B73E-FFF56B865F32}.Debug|Any CPU.ActiveCfg = Debug|Any CPU
		{B81F2BD1-7DD5-4A5A-B73E-FFF56B865F32}.Debug|Any CPU.Build.0 = Debug|Any CPU
		{B81F2BD1-7DD5-4A5A-B73E-FFF56B865F32}.Release|Any CPU.ActiveCfg = Release|Any CPU
		{B81F2BD1-7DD5-4A5A-B73E-FFF56B865F32}.Release|Any CPU.Build.0 = Release|Any CPU
		{F3CD2719-4AB7-4460-8A7A-47FABC5DAB2D}.Debug|Any CPU.ActiveCfg = Debug|Any CPU
		{F3CD2719-4AB7-4460-8A7A-47FABC5DAB2D}.Debug|Any CPU.Build.0 = Debug|Any CPU
		{F3CD2719-4AB7-4460-8A7A-47FABC5DAB2D}.Release|Any CPU.ActiveCfg = Release|Any CPU
		{F3CD2719-4AB7-4460-8A7A-47FABC5DAB2D}.Release|Any CPU.Build.0 = Release|Any CPU
		{2A30FE24-F13A-48CD-B34A-E085C9FA13FE}.Debug|Any CPU.ActiveCfg = Debug|Any CPU
		{2A30FE24-F13A-48CD-B34A-E085C9FA13FE}.Debug|Any CPU.Build.0 = Debug|Any CPU
		{2A30FE24-F13A-48CD-B34A-E085C9FA13FE}.Release|Any CPU.ActiveCfg = Release|Any CPU
		{2A30FE24-F13A-48CD-B34A-E085C9FA13FE}.Release|Any CPU.Build.0 = Release|Any CPU
		{80550833-EEDA-4AA5-A005-70250DA38064}.Debug|Any CPU.ActiveCfg = Debug|Any CPU
		{80550833-EEDA-4AA5-A005-70250DA38064}.Debug|Any CPU.Build.0 = Debug|Any CPU
		{80550833-EEDA-4AA5-A005-70250DA38064}.Release|Any CPU.ActiveCfg = Release|Any CPU
		{80550833-EEDA-4AA5-A005-70250DA38064}.Release|Any CPU.Build.0 = Release|Any CPU
		{FA3C2C4F-1B60-41B6-AE81-448A82280521}.Debug|Any CPU.ActiveCfg = Debug|Any CPU
		{FA3C2C4F-1B60-41B6-AE81-448A82280521}.Debug|Any CPU.Build.0 = Debug|Any CPU
		{FA3C2C4F-1B60-41B6-AE81-448A82280521}.Release|Any CPU.ActiveCfg = Release|Any CPU
		{FA3C2C4F-1B60-41B6-AE81-448A82280521}.Release|Any CPU.Build.0 = Release|Any CPU
		{D1DBC5D3-C932-4C61-AA61-CBF8C5DC3BDC}.Debug|Any CPU.ActiveCfg = Debug|Any CPU
		{D1DBC5D3-C932-4C61-AA61-CBF8C5DC3BDC}.Debug|Any CPU.Build.0 = Debug|Any CPU
		{D1DBC5D3-C932-4C61-AA61-CBF8C5DC3BDC}.Release|Any CPU.ActiveCfg = Release|Any CPU
		{D1DBC5D3-C932-4C61-AA61-CBF8C5DC3BDC}.Release|Any CPU.Build.0 = Release|Any CPU
		{664EFFB0-EDFB-470F-ADFC-2507708821C1}.Debug|Any CPU.ActiveCfg = Debug|Any CPU
		{664EFFB0-EDFB-470F-ADFC-2507708821C1}.Debug|Any CPU.Build.0 = Debug|Any CPU
		{664EFFB0-EDFB-470F-ADFC-2507708821C1}.Release|Any CPU.ActiveCfg = Release|Any CPU
		{664EFFB0-EDFB-470F-ADFC-2507708821C1}.Release|Any CPU.Build.0 = Release|Any CPU
		{D4BC1863-0E89-4957-9207-9BE398C4B253}.Debug|Any CPU.ActiveCfg = Debug|Any CPU
		{D4BC1863-0E89-4957-9207-9BE398C4B253}.Debug|Any CPU.Build.0 = Debug|Any CPU
		{D4BC1863-0E89-4957-9207-9BE398C4B253}.Release|Any CPU.ActiveCfg = Release|Any CPU
		{D4BC1863-0E89-4957-9207-9BE398C4B253}.Release|Any CPU.Build.0 = Release|Any CPU
		{12177F88-9FBB-46FB-A17C-5E230B39F7F1}.Debug|Any CPU.ActiveCfg = Debug|Any CPU
		{12177F88-9FBB-46FB-A17C-5E230B39F7F1}.Debug|Any CPU.Build.0 = Debug|Any CPU
		{12177F88-9FBB-46FB-A17C-5E230B39F7F1}.Release|Any CPU.ActiveCfg = Release|Any CPU
		{12177F88-9FBB-46FB-A17C-5E230B39F7F1}.Release|Any CPU.Build.0 = Release|Any CPU
		{A1EE8301-B11F-49B7-9951-5BEC053EA0F4}.Debug|Any CPU.ActiveCfg = Debug|Any CPU
		{A1EE8301-B11F-49B7-9951-5BEC053EA0F4}.Debug|Any CPU.Build.0 = Debug|Any CPU
		{A1EE8301-B11F-49B7-9951-5BEC053EA0F4}.Release|Any CPU.ActiveCfg = Release|Any CPU
		{A1EE8301-B11F-49B7-9951-5BEC053EA0F4}.Release|Any CPU.Build.0 = Release|Any CPU
	EndGlobalSection
	GlobalSection(SolutionProperties) = preSolution
		HideSolutionNode = FALSE
	EndGlobalSection
	GlobalSection(ExtensibilityGlobals) = postSolution
		SolutionGuid = {9D134528-F32D-44AE-AE55-8402B27DF726}
	EndGlobalSection
EndGlobal
