
Microsoft Visual Studio Solution File, Format Version 12.00
# Visual Studio Version 17
VisualStudioVersion = 17.6.33712.159
MinimumVisualStudioVersion = 10.0.40219.1
Project("{9A19103F-16F7-4668-BE54-9A1E7A4F7556}") = "Heranca", "Heranca\Heranca.csproj", "{51653A00-2005-402C-BF32-3EBD4427059F}"
EndProject
Project("{9A19103F-16F7-4668-BE54-9A1E7A4F7556}") = "Heranca - Construtores", "Heranca - Construtores\Heranca - Construtores.csproj", "{09CC4BBC-E647-4A3B-A95A-47D0DA3B849C}"
EndProject
Project("{9A19103F-16F7-4668-BE54-9A1E7A4F7556}") = "Heranca - Object", "Heranca e Object\Heranca - Object.csproj", "{6DCBDFD2-8017-451B-B39B-4B4579034864}"
EndProject
Project("{9A19103F-16F7-4668-BE54-9A1E7A4F7556}") = "Heranca - New", "Heranca - New\Heranca - New.csproj", "{830E6FF2-C77E-401C-9125-E72A0873BC33}"
EndProject
Project("{9A19103F-16F7-4668-BE54-9A1E7A4F7556}") = "Heranca - Virtual e Override", "Heranca - Virtual e Override\Heranca - Virtual e Override.csproj", "{B0F33F28-774B-4685-90B1-E7BCC90D5799}"
EndProject
Project("{9A19103F-16F7-4668-BE54-9A1E7A4F7556}") = "Heranca - Modificador Sealed", "Heranca - Modificador Sealed\Heranca - Modificador Sealed.csproj", "{305E7084-CA48-4B3B-B8B1-154B4EA93D06}"
EndProject
Project("{9A19103F-16F7-4668-BE54-9A1E7A4F7556}") = "Heranca - Exercicio", "Heranca - Exercicio\Heranca - Exercicio.csproj", "{3B6CA7E8-5D2A-43C4-A539-926231555C0C}"
EndProject
Project("{9A19103F-16F7-4668-BE54-9A1E7A4F7556}") = "Heranca - Tipos", "Heranca - Tipos\Heranca - Tipos.csproj", "{88E882DF-6C2B-4837-AE1F-A2B54B2E91A5}"
EndProject
Project("{9A19103F-16F7-4668-BE54-9A1E7A4F7556}") = "Herancas - Downcasting e Upcasting", "Herancas - Downcasting e Upcasting\Herancas - Downcasting e Upcasting.csproj", "{1D44B9E2-B935-4DBE-8677-012A8D1F76C8}"
EndProject
Project("{FAE04EC0-301F-11D3-BF4B-00C04F79EFBC}") = "Operadores - is e as", "Operadores - is e as\Operadores - is e as.csproj", "{835B3DAC-B508-47B9-B781-7D0F19E481A0}"
EndProject
Project("{FAE04EC0-301F-11D3-BF4B-00C04F79EFBC}") = "Modificador Abstract", "Modificador Abstract\Modificador Abstract.csproj", "{F109D35F-F557-410D-BEEC-CCEA756208E4}"
EndProject
Global
	GlobalSection(SolutionConfigurationPlatforms) = preSolution
		Debug|Any CPU = Debug|Any CPU
		Release|Any CPU = Release|Any CPU
	EndGlobalSection
	GlobalSection(ProjectConfigurationPlatforms) = postSolution
		{51653A00-2005-402C-BF32-3EBD4427059F}.Debug|Any CPU.ActiveCfg = Debug|Any CPU
		{51653A00-2005-402C-BF32-3EBD4427059F}.Debug|Any CPU.Build.0 = Debug|Any CPU
		{51653A00-2005-402C-BF32-3EBD4427059F}.Release|Any CPU.ActiveCfg = Release|Any CPU
		{51653A00-2005-402C-BF32-3EBD4427059F}.Release|Any CPU.Build.0 = Release|Any CPU
		{09CC4BBC-E647-4A3B-A95A-47D0DA3B849C}.Debug|Any CPU.ActiveCfg = Debug|Any CPU
		{09CC4BBC-E647-4A3B-A95A-47D0DA3B849C}.Debug|Any CPU.Build.0 = Debug|Any CPU
		{09CC4BBC-E647-4A3B-A95A-47D0DA3B849C}.Release|Any CPU.ActiveCfg = Release|Any CPU
		{09CC4BBC-E647-4A3B-A95A-47D0DA3B849C}.Release|Any CPU.Build.0 = Release|Any CPU
		{6DCBDFD2-8017-451B-B39B-4B4579034864}.Debug|Any CPU.ActiveCfg = Debug|Any CPU
		{6DCBDFD2-8017-451B-B39B-4B4579034864}.Debug|Any CPU.Build.0 = Debug|Any CPU
		{6DCBDFD2-8017-451B-B39B-4B4579034864}.Release|Any CPU.ActiveCfg = Release|Any CPU
		{6DCBDFD2-8017-451B-B39B-4B4579034864}.Release|Any CPU.Build.0 = Release|Any CPU
		{830E6FF2-C77E-401C-9125-E72A0873BC33}.Debug|Any CPU.ActiveCfg = Debug|Any CPU
		{830E6FF2-C77E-401C-9125-E72A0873BC33}.Debug|Any CPU.Build.0 = Debug|Any CPU
		{830E6FF2-C77E-401C-9125-E72A0873BC33}.Release|Any CPU.ActiveCfg = Release|Any CPU
		{830E6FF2-C77E-401C-9125-E72A0873BC33}.Release|Any CPU.Build.0 = Release|Any CPU
		{B0F33F28-774B-4685-90B1-E7BCC90D5799}.Debug|Any CPU.ActiveCfg = Debug|Any CPU
		{B0F33F28-774B-4685-90B1-E7BCC90D5799}.Debug|Any CPU.Build.0 = Debug|Any CPU
		{B0F33F28-774B-4685-90B1-E7BCC90D5799}.Release|Any CPU.ActiveCfg = Release|Any CPU
		{B0F33F28-774B-4685-90B1-E7BCC90D5799}.Release|Any CPU.Build.0 = Release|Any CPU
		{305E7084-CA48-4B3B-B8B1-154B4EA93D06}.Debug|Any CPU.ActiveCfg = Debug|Any CPU
		{305E7084-CA48-4B3B-B8B1-154B4EA93D06}.Debug|Any CPU.Build.0 = Debug|Any CPU
		{305E7084-CA48-4B3B-B8B1-154B4EA93D06}.Release|Any CPU.ActiveCfg = Release|Any CPU
		{305E7084-CA48-4B3B-B8B1-154B4EA93D06}.Release|Any CPU.Build.0 = Release|Any CPU
		{3B6CA7E8-5D2A-43C4-A539-926231555C0C}.Debug|Any CPU.ActiveCfg = Debug|Any CPU
		{3B6CA7E8-5D2A-43C4-A539-926231555C0C}.Debug|Any CPU.Build.0 = Debug|Any CPU
		{3B6CA7E8-5D2A-43C4-A539-926231555C0C}.Release|Any CPU.ActiveCfg = Release|Any CPU
		{3B6CA7E8-5D2A-43C4-A539-926231555C0C}.Release|Any CPU.Build.0 = Release|Any CPU
		{88E882DF-6C2B-4837-AE1F-A2B54B2E91A5}.Debug|Any CPU.ActiveCfg = Debug|Any CPU
		{88E882DF-6C2B-4837-AE1F-A2B54B2E91A5}.Debug|Any CPU.Build.0 = Debug|Any CPU
		{88E882DF-6C2B-4837-AE1F-A2B54B2E91A5}.Release|Any CPU.ActiveCfg = Release|Any CPU
		{88E882DF-6C2B-4837-AE1F-A2B54B2E91A5}.Release|Any CPU.Build.0 = Release|Any CPU
		{1D44B9E2-B935-4DBE-8677-012A8D1F76C8}.Debug|Any CPU.ActiveCfg = Debug|Any CPU
		{1D44B9E2-B935-4DBE-8677-012A8D1F76C8}.Debug|Any CPU.Build.0 = Debug|Any CPU
		{1D44B9E2-B935-4DBE-8677-012A8D1F76C8}.Release|Any CPU.ActiveCfg = Release|Any CPU
		{1D44B9E2-B935-4DBE-8677-012A8D1F76C8}.Release|Any CPU.Build.0 = Release|Any CPU
		{835B3DAC-B508-47B9-B781-7D0F19E481A0}.Debug|Any CPU.ActiveCfg = Debug|Any CPU
		{835B3DAC-B508-47B9-B781-7D0F19E481A0}.Debug|Any CPU.Build.0 = Debug|Any CPU
		{835B3DAC-B508-47B9-B781-7D0F19E481A0}.Release|Any CPU.ActiveCfg = Release|Any CPU
		{835B3DAC-B508-47B9-B781-7D0F19E481A0}.Release|Any CPU.Build.0 = Release|Any CPU
		{F109D35F-F557-410D-BEEC-CCEA756208E4}.Debug|Any CPU.ActiveCfg = Debug|Any CPU
		{F109D35F-F557-410D-BEEC-CCEA756208E4}.Debug|Any CPU.Build.0 = Debug|Any CPU
		{F109D35F-F557-410D-BEEC-CCEA756208E4}.Release|Any CPU.ActiveCfg = Release|Any CPU
		{F109D35F-F557-410D-BEEC-CCEA756208E4}.Release|Any CPU.Build.0 = Release|Any CPU
	EndGlobalSection
	GlobalSection(SolutionProperties) = preSolution
		HideSolutionNode = FALSE
	EndGlobalSection
	GlobalSection(ExtensibilityGlobals) = postSolution
		SolutionGuid = {A880A1F6-F57E-479A-8F6A-6DD8ED7AF91E}
	EndGlobalSection
EndGlobal
